
Microsoft Visual Studio Solution File, Format Version 12.00
# Visual Studio 15
VisualStudioVersion = 15.0.28307.1022
MinimumVisualStudioVersion = 10.0.40219.1
Project("{FAE04EC0-301F-11D3-BF4B-00C04F79EFBC}") = "pizzeria", "pizzeria\pizzeria.csproj", "{1CD3DA75-2EBD-4E84-87FA-F3C4DD2DF369}"
EndProject
Global
	GlobalSection(SolutionConfigurationPlatforms) = preSolution
		Debug|Any CPU = Debug|Any CPU
		Release|Any CPU = Release|Any CPU
	EndGlobalSection
	GlobalSection(ProjectConfigurationPlatforms) = postSolution
		{1CD3DA75-2EBD-4E84-87FA-F3C4DD2DF369}.Debug|Any CPU.ActiveCfg = Debug|Any CPU
		{1CD3DA75-2EBD-4E84-87FA-F3C4DD2DF369}.Debug|Any CPU.Build.0 = Debug|Any CPU
		{1CD3DA75-2EBD-4E84-87FA-F3C4DD2DF369}.Release|Any CPU.ActiveCfg = Release|Any CPU
		{1CD3DA75-2EBD-4E84-87FA-F3C4DD2DF369}.Release|Any CPU.Build.0 = Release|Any CPU
	EndGlobalSection
	GlobalSection(SolutionProperties) = preSolution
		HideSolutionNode = FALSE
	EndGlobalSection
	GlobalSection(ExtensibilityGlobals) = postSolution
		SolutionGuid = {E4503F2B-7B6B-4DA1-B606-AD00D043162C}
	EndGlobalSection
EndGlobal
