
Microsoft Visual Studio Solution File, Format Version 12.00
# Visual Studio Version 16
VisualStudioVersion = 16.0.30011.22
MinimumVisualStudioVersion = 10.0.40219.1
Project("{FAE04EC0-301F-11D3-BF4B-00C04F79EFBC}") = "PizzeriaView", "PizzeriaView\PizzeriaView.csproj", "{19CB75A3-083E-4E10-B0CC-13A58A730A99}"
EndProject
Project("{9A19103F-16F7-4668-BE54-9A1E7A4F7556}") = "PizzeriaListImplement", "PizzeriaListImplement\PizzeriaListImplement.csproj", "{6093CC47-0928-4EEA-BAD8-05BB5860D6F7}"
EndProject
Project("{9A19103F-16F7-4668-BE54-9A1E7A4F7556}") = "PizzeriaBusinessLogic", "PizzeriaBusinessLogic\PizzeriaBusinessLogic.csproj", "{833AD374-4EF8-4C87-BF07-FD436AA6B537}"
EndProject
Project("{9A19103F-16F7-4668-BE54-9A1E7A4F7556}") = "PizzeriaFileImplement", "PizzeriaFileImplement\PizzeriaFileImplement.csproj", "{1D92EB8D-6C50-44BC-AA50-F117CED501DA}"
EndProject
Project("{9A19103F-16F7-4668-BE54-9A1E7A4F7556}") = "PizzeriaDatabaseImplement", "PizzeriaDatabaseImplement\PizzeriaDatabaseImplement.csproj", "{E58B189E-FB5D-480F-A380-83AF72D12258}"
EndProject
Project("{FAE04EC0-301F-11D3-BF4B-00C04F79EFBC}") = "PizzeriaRestApi", "PizzeriaPestApi\PizzeriaRestApi.csproj", "{C63D22EA-6101-4225-9705-9CAE137DA1EB}"
EndProject
Project("{FAE04EC0-301F-11D3-BF4B-00C04F79EFBC}") = "PizzeriaClientView", "PizzeriaClientView\PizzeriaClientView.csproj", "{01A1F7B7-2D82-450C-8AA6-156E0D7E8AC7}"
EndProject
Global
	GlobalSection(SolutionConfigurationPlatforms) = preSolution
		Debug|Any CPU = Debug|Any CPU
		Release|Any CPU = Release|Any CPU
	EndGlobalSection
	GlobalSection(ProjectConfigurationPlatforms) = postSolution
		{19CB75A3-083E-4E10-B0CC-13A58A730A99}.Debug|Any CPU.ActiveCfg = Debug|Any CPU
		{19CB75A3-083E-4E10-B0CC-13A58A730A99}.Debug|Any CPU.Build.0 = Debug|Any CPU
		{19CB75A3-083E-4E10-B0CC-13A58A730A99}.Release|Any CPU.ActiveCfg = Release|Any CPU
		{19CB75A3-083E-4E10-B0CC-13A58A730A99}.Release|Any CPU.Build.0 = Release|Any CPU
		{6093CC47-0928-4EEA-BAD8-05BB5860D6F7}.Debug|Any CPU.ActiveCfg = Debug|Any CPU
		{6093CC47-0928-4EEA-BAD8-05BB5860D6F7}.Debug|Any CPU.Build.0 = Debug|Any CPU
		{6093CC47-0928-4EEA-BAD8-05BB5860D6F7}.Release|Any CPU.ActiveCfg = Release|Any CPU
		{6093CC47-0928-4EEA-BAD8-05BB5860D6F7}.Release|Any CPU.Build.0 = Release|Any CPU
		{833AD374-4EF8-4C87-BF07-FD436AA6B537}.Debug|Any CPU.ActiveCfg = Debug|Any CPU
		{833AD374-4EF8-4C87-BF07-FD436AA6B537}.Debug|Any CPU.Build.0 = Debug|Any CPU
		{833AD374-4EF8-4C87-BF07-FD436AA6B537}.Release|Any CPU.ActiveCfg = Release|Any CPU
		{833AD374-4EF8-4C87-BF07-FD436AA6B537}.Release|Any CPU.Build.0 = Release|Any CPU
		{1D92EB8D-6C50-44BC-AA50-F117CED501DA}.Debug|Any CPU.ActiveCfg = Debug|Any CPU
		{1D92EB8D-6C50-44BC-AA50-F117CED501DA}.Debug|Any CPU.Build.0 = Debug|Any CPU
		{1D92EB8D-6C50-44BC-AA50-F117CED501DA}.Release|Any CPU.ActiveCfg = Release|Any CPU
		{1D92EB8D-6C50-44BC-AA50-F117CED501DA}.Release|Any CPU.Build.0 = Release|Any CPU
		{E58B189E-FB5D-480F-A380-83AF72D12258}.Debug|Any CPU.ActiveCfg = Debug|Any CPU
		{E58B189E-FB5D-480F-A380-83AF72D12258}.Debug|Any CPU.Build.0 = Debug|Any CPU
		{E58B189E-FB5D-480F-A380-83AF72D12258}.Release|Any CPU.ActiveCfg = Release|Any CPU
		{E58B189E-FB5D-480F-A380-83AF72D12258}.Release|Any CPU.Build.0 = Release|Any CPU
		{C63D22EA-6101-4225-9705-9CAE137DA1EB}.Debug|Any CPU.ActiveCfg = Debug|Any CPU
		{C63D22EA-6101-4225-9705-9CAE137DA1EB}.Debug|Any CPU.Build.0 = Debug|Any CPU
		{C63D22EA-6101-4225-9705-9CAE137DA1EB}.Release|Any CPU.ActiveCfg = Release|Any CPU
		{C63D22EA-6101-4225-9705-9CAE137DA1EB}.Release|Any CPU.Build.0 = Release|Any CPU
		{01A1F7B7-2D82-450C-8AA6-156E0D7E8AC7}.Debug|Any CPU.ActiveCfg = Debug|Any CPU
		{01A1F7B7-2D82-450C-8AA6-156E0D7E8AC7}.Debug|Any CPU.Build.0 = Debug|Any CPU
		{01A1F7B7-2D82-450C-8AA6-156E0D7E8AC7}.Release|Any CPU.ActiveCfg = Release|Any CPU
		{01A1F7B7-2D82-450C-8AA6-156E0D7E8AC7}.Release|Any CPU.Build.0 = Release|Any CPU
	EndGlobalSection
	GlobalSection(SolutionProperties) = preSolution
		HideSolutionNode = FALSE
	EndGlobalSection
	GlobalSection(ExtensibilityGlobals) = postSolution
		SolutionGuid = {E4503F2B-7B6B-4DA1-B606-AD00D043162C}
	EndGlobalSection
EndGlobal
