
Microsoft Visual Studio Solution File, Format Version 12.00
# Visual Studio 15
VisualStudioVersion = 15.0.28010.2019
MinimumVisualStudioVersion = 10.0.40219.1
Project("{FAE04EC0-301F-11D3-BF4B-00C04F79EFBC}") = "FlowerShopView", "FlowerShopView.csproj", "{E40F22FF-C85F-46E5-A206-AE74BF20E404}"
EndProject
Project("{FAE04EC0-301F-11D3-BF4B-00C04F79EFBC}") = "FlowerShopBusinessLogic", "FlowerShopBusinessLogic\FlowerShopBusinessLogic.csproj", "{A5C3854F-9A2D-4468-8924-447B0A6F5BDA}"
EndProject
Project("{FAE04EC0-301F-11D3-BF4B-00C04F79EFBC}") = "FlowerShopListImplement", "FlowerShopListImplement\FlowerShopListImplement.csproj", "{9AB4609C-AB35-4872-A2A2-AAD5F6F87747}"
EndProject
Global
	GlobalSection(SolutionConfigurationPlatforms) = preSolution
		Debug|Any CPU = Debug|Any CPU
		Release|Any CPU = Release|Any CPU
	EndGlobalSection
	GlobalSection(ProjectConfigurationPlatforms) = postSolution
		{E40F22FF-C85F-46E5-A206-AE74BF20E404}.Debug|Any CPU.ActiveCfg = Debug|Any CPU
		{E40F22FF-C85F-46E5-A206-AE74BF20E404}.Debug|Any CPU.Build.0 = Debug|Any CPU
		{E40F22FF-C85F-46E5-A206-AE74BF20E404}.Release|Any CPU.ActiveCfg = Release|Any CPU
		{E40F22FF-C85F-46E5-A206-AE74BF20E404}.Release|Any CPU.Build.0 = Release|Any CPU
		{A5C3854F-9A2D-4468-8924-447B0A6F5BDA}.Debug|Any CPU.ActiveCfg = Debug|Any CPU
		{A5C3854F-9A2D-4468-8924-447B0A6F5BDA}.Debug|Any CPU.Build.0 = Debug|Any CPU
		{A5C3854F-9A2D-4468-8924-447B0A6F5BDA}.Release|Any CPU.ActiveCfg = Release|Any CPU
		{A5C3854F-9A2D-4468-8924-447B0A6F5BDA}.Release|Any CPU.Build.0 = Release|Any CPU
		{9AB4609C-AB35-4872-A2A2-AAD5F6F87747}.Debug|Any CPU.ActiveCfg = Debug|Any CPU
		{9AB4609C-AB35-4872-A2A2-AAD5F6F87747}.Debug|Any CPU.Build.0 = Debug|Any CPU
		{9AB4609C-AB35-4872-A2A2-AAD5F6F87747}.Release|Any CPU.ActiveCfg = Release|Any CPU
		{9AB4609C-AB35-4872-A2A2-AAD5F6F87747}.Release|Any CPU.Build.0 = Release|Any CPU
	EndGlobalSection
	GlobalSection(SolutionProperties) = preSolution
		HideSolutionNode = FALSE
	EndGlobalSection
	GlobalSection(ExtensibilityGlobals) = postSolution
		SolutionGuid = {FB37CDE2-0B48-47DC-8208-43C80DA62505}
	EndGlobalSection
EndGlobal
